
Microsoft Visual Studio Solution File, Format Version 12.00
# Visual Studio Version 17
VisualStudioVersion = 17.4.33213.308
MinimumVisualStudioVersion = 10.0.40219.1
Project("{FAE04EC0-301F-11D3-BF4B-00C04F79EFBC}") = "ScumTesting", "ScumTesting\ScumTesting.csproj", "{3871E660-C052-4054-855F-D06F403B1245}"
EndProject
Global
	GlobalSection(SolutionConfigurationPlatforms) = preSolution
		Debug|Any CPU = Debug|Any CPU
		Release|Any CPU = Release|Any CPU
	EndGlobalSection
	GlobalSection(ProjectConfigurationPlatforms) = postSolution
		{3871E660-C052-4054-855F-D06F403B1245}.Debug|Any CPU.ActiveCfg = Debug|Any CPU
		{3871E660-C052-4054-855F-D06F403B1245}.Debug|Any CPU.Build.0 = Debug|Any CPU
		{3871E660-C052-4054-855F-D06F403B1245}.Release|Any CPU.ActiveCfg = Release|Any CPU
		{3871E660-C052-4054-855F-D06F403B1245}.Release|Any CPU.Build.0 = Release|Any CPU
	EndGlobalSection
	GlobalSection(SolutionProperties) = preSolution
		HideSolutionNode = FALSE
	EndGlobalSection
	GlobalSection(ExtensibilityGlobals) = postSolution
		SolutionGuid = {E63F7972-FDA4-4735-8A92-963BF8898367}
	EndGlobalSection
EndGlobal
